
Microsoft Visual Studio Solution File, Format Version 12.00
# Visual Studio 15
VisualStudioVersion = 15.0.28010.2036
MinimumVisualStudioVersion = 10.0.40219.1
Project("{FAE04EC0-301F-11D3-BF4B-00C04F79EFBC}") = "Ex38-Events", "Ex38-Events\Ex38-Events.csproj", "{CA64F551-E74F-4122-963D-44DE7AE9474F}"
EndProject
Project("{FAE04EC0-301F-11D3-BF4B-00C04F79EFBC}") = "Kraftwerk.cs", "Kraftwerk.cs\Kraftwerk.cs.csproj", "{93FE685A-65A7-40CD-AF00-6EE42F129152}"
EndProject
Project("{FAE04EC0-301F-11D3-BF4B-00C04F79EFBC}") = "PiggyBank", "PiggyBank\PiggyBank.csproj", "{7E842B07-E5DA-49E5-8877-13960FB9B936}"
EndProject
Global
	GlobalSection(SolutionConfigurationPlatforms) = preSolution
		Debug|Any CPU = Debug|Any CPU
		Release|Any CPU = Release|Any CPU
	EndGlobalSection
	GlobalSection(ProjectConfigurationPlatforms) = postSolution
		{CA64F551-E74F-4122-963D-44DE7AE9474F}.Debug|Any CPU.ActiveCfg = Debug|Any CPU
		{CA64F551-E74F-4122-963D-44DE7AE9474F}.Debug|Any CPU.Build.0 = Debug|Any CPU
		{CA64F551-E74F-4122-963D-44DE7AE9474F}.Release|Any CPU.ActiveCfg = Release|Any CPU
		{CA64F551-E74F-4122-963D-44DE7AE9474F}.Release|Any CPU.Build.0 = Release|Any CPU
		{93FE685A-65A7-40CD-AF00-6EE42F129152}.Debug|Any CPU.ActiveCfg = Debug|Any CPU
		{93FE685A-65A7-40CD-AF00-6EE42F129152}.Debug|Any CPU.Build.0 = Debug|Any CPU
		{93FE685A-65A7-40CD-AF00-6EE42F129152}.Release|Any CPU.ActiveCfg = Release|Any CPU
		{93FE685A-65A7-40CD-AF00-6EE42F129152}.Release|Any CPU.Build.0 = Release|Any CPU
		{7E842B07-E5DA-49E5-8877-13960FB9B936}.Debug|Any CPU.ActiveCfg = Debug|Any CPU
		{7E842B07-E5DA-49E5-8877-13960FB9B936}.Debug|Any CPU.Build.0 = Debug|Any CPU
		{7E842B07-E5DA-49E5-8877-13960FB9B936}.Release|Any CPU.ActiveCfg = Release|Any CPU
		{7E842B07-E5DA-49E5-8877-13960FB9B936}.Release|Any CPU.Build.0 = Release|Any CPU
	EndGlobalSection
	GlobalSection(SolutionProperties) = preSolution
		HideSolutionNode = FALSE
	EndGlobalSection
	GlobalSection(ExtensibilityGlobals) = postSolution
		SolutionGuid = {3BDA3140-8374-4F8B-BB43-C375DE646196}
	EndGlobalSection
EndGlobal
